
Microsoft Visual Studio Solution File, Format Version 12.00
# Visual Studio 15
VisualStudioVersion = 15.0.28010.2026
MinimumVisualStudioVersion = 10.0.40219.1
Project("{FAE04EC0-301F-11D3-BF4B-00C04F79EFBC}") = "UTD_P2", "UTD_P2\UTD_P2.csproj", "{33303B58-DFFF-4CA6-A7F2-5317A0709720}"
EndProject
Global
	GlobalSection(SolutionConfigurationPlatforms) = preSolution
		Debug|x86 = Debug|x86
		Release|x86 = Release|x86
	EndGlobalSection
	GlobalSection(ProjectConfigurationPlatforms) = postSolution
		{33303B58-DFFF-4CA6-A7F2-5317A0709720}.Debug|x86.ActiveCfg = Debug|x86
		{33303B58-DFFF-4CA6-A7F2-5317A0709720}.Debug|x86.Build.0 = Debug|x86
		{33303B58-DFFF-4CA6-A7F2-5317A0709720}.Release|x86.ActiveCfg = Release|x86
		{33303B58-DFFF-4CA6-A7F2-5317A0709720}.Release|x86.Build.0 = Release|x86
	EndGlobalSection
	GlobalSection(SolutionProperties) = preSolution
		HideSolutionNode = FALSE
	EndGlobalSection
	GlobalSection(ExtensibilityGlobals) = postSolution
		SolutionGuid = {C141CB4E-A0E4-458E-BEED-9507FD123655}
	EndGlobalSection
EndGlobal
